
Microsoft Visual Studio Solution File, Format Version 11.00
# Visual Studio 2010
Project("{FAE04EC0-301F-11D3-BF4B-00C04F79EFBC}") = "Blood-on-Hands", "Assembly-CSharp.csproj", "{993DF75C-A1CD-BCC4-9831-0B94CAD4B234}"
EndProject
Project("{FAE04EC0-301F-11D3-BF4B-00C04F79EFBC}") = "Blood-on-Hands", "Assembly-CSharp-Editor.csproj", "{9AD8897E-B461-4216-BBF3-F60F25E0F2D7}"
EndProject
Global
	GlobalSection(SolutionConfigurationPlatforms) = preSolution
		Debug|Any CPU = Debug|Any CPU
		Release|Any CPU = Release|Any CPU
	EndGlobalSection
	GlobalSection(ProjectConfigurationPlatforms) = postSolution
		{993DF75C-A1CD-BCC4-9831-0B94CAD4B234}.Debug|Any CPU.ActiveCfg = Debug|Any CPU
		{993DF75C-A1CD-BCC4-9831-0B94CAD4B234}.Debug|Any CPU.Build.0 = Debug|Any CPU
		{993DF75C-A1CD-BCC4-9831-0B94CAD4B234}.Release|Any CPU.ActiveCfg = Release|Any CPU
		{993DF75C-A1CD-BCC4-9831-0B94CAD4B234}.Release|Any CPU.Build.0 = Release|Any CPU
		{9AD8897E-B461-4216-BBF3-F60F25E0F2D7}.Debug|Any CPU.ActiveCfg = Debug|Any CPU
		{9AD8897E-B461-4216-BBF3-F60F25E0F2D7}.Debug|Any CPU.Build.0 = Debug|Any CPU
		{9AD8897E-B461-4216-BBF3-F60F25E0F2D7}.Release|Any CPU.ActiveCfg = Release|Any CPU
		{9AD8897E-B461-4216-BBF3-F60F25E0F2D7}.Release|Any CPU.Build.0 = Release|Any CPU
	EndGlobalSection
	GlobalSection(SolutionProperties) = preSolution
		HideSolutionNode = FALSE
	EndGlobalSection
	GlobalSection(MonoDevelopProperties) = preSolution
		StartupItem = Assembly-CSharp.csproj
	EndGlobalSection
EndGlobal
