
Microsoft Visual Studio Solution File, Format Version 12.00
# Visual Studio 15
Project("{FAE04EC0-301F-11D3-BF4B-00C04F79EFBC}") = "Blood on Hands", "Blood on Hands.csproj", "{4DEEEA7C-AE5C-0CB9-4341-A73AC244E2C4}"
EndProject
Project("{FAE04EC0-301F-11D3-BF4B-00C04F79EFBC}") = "Blood on Hands.Editor", "Blood on Hands.Editor.csproj", "{43E3B334-EA0E-ED94-8232-6E3B69B8DF43}"
EndProject
Global
	GlobalSection(SolutionConfigurationPlatforms) = preSolution
		Debug|Any CPU = Debug|Any CPU
		Release|Any CPU = Release|Any CPU
	EndGlobalSection
	GlobalSection(ProjectConfigurationPlatforms) = postSolution
		{4DEEEA7C-AE5C-0CB9-4341-A73AC244E2C4}.Debug|Any CPU.ActiveCfg = Debug|Any CPU
		{4DEEEA7C-AE5C-0CB9-4341-A73AC244E2C4}.Debug|Any CPU.Build.0 = Debug|Any CPU
		{4DEEEA7C-AE5C-0CB9-4341-A73AC244E2C4}.Release|Any CPU.ActiveCfg = Release|Any CPU
		{4DEEEA7C-AE5C-0CB9-4341-A73AC244E2C4}.Release|Any CPU.Build.0 = Release|Any CPU
		{43E3B334-EA0E-ED94-8232-6E3B69B8DF43}.Debug|Any CPU.ActiveCfg = Debug|Any CPU
		{43E3B334-EA0E-ED94-8232-6E3B69B8DF43}.Debug|Any CPU.Build.0 = Debug|Any CPU
		{43E3B334-EA0E-ED94-8232-6E3B69B8DF43}.Release|Any CPU.ActiveCfg = Release|Any CPU
		{43E3B334-EA0E-ED94-8232-6E3B69B8DF43}.Release|Any CPU.Build.0 = Release|Any CPU
	EndGlobalSection
	GlobalSection(SolutionProperties) = preSolution
		HideSolutionNode = FALSE
	EndGlobalSection
EndGlobal
